// !$*UTF8*$!
{
	archiveVersion = 1;
	classes = {
	};
	objectVersion = 56;
	objects = {

/* Begin PBXBuildFile section */
		E501559B2F8B7515000CAE7E /* OAuth2Service.swift in Sources */ = {isa = PBXBuildFile; fileRef = E501559A2F8B7515000CAE7E /* OAuth2Service.swift */; };
		E50155A02F8B9298000CAE7E /* URLSession+data.swift in Sources */ = {isa = PBXBuildFile; fileRef = E501559F2F8B9298000CAE7E /* URLSession+data.swift */; };
		E50155A32F8B9391000CAE7E /* OAuthTokenResponseBody.swift in Sources */ = {isa = PBXBuildFile; fileRef = E50155A22F8B9391000CAE7E /* OAuthTokenResponseBody.swift */; };
		E50155A52F8B9B08000CAE7E /* OAuth2TokenStorage.swift in Sources */ = {isa = PBXBuildFile; fileRef = E50155A42F8B9B08000CAE7E /* OAuth2TokenStorage.swift */; };
		E50155A82F8C33CF000CAE7E /* SplashViewController.swift in Sources */ = {isa = PBXBuildFile; fileRef = E50155A72F8C33CF000CAE7E /* SplashViewController.swift */; };
		E50155AB2F8D8039000CAE7E /* Logging in Frameworks */ = {isa = PBXBuildFile; productRef = E50155AA2F8D8039000CAE7E /* Logging */; };
		E50155AD2F8D81BA000CAE7E /* Log.swift in Sources */ = {isa = PBXBuildFile; fileRef = E50155AC2F8D81BA000CAE7E /* Log.swift */; };
		E50155B02F8F5CAB000CAE7E /* WebKit.framework in Frameworks */ = {isa = PBXBuildFile; fileRef = E50155AF2F8F5CAB000CAE7E /* WebKit.framework */; };
		E51024802F92630800A78C6C /* SnakeCaseJSONDecoder.swift in Sources */ = {isa = PBXBuildFile; fileRef = E510247F2F92630700A78C6C /* SnakeCaseJSONDecoder.swift */; };
		E51024842F9376D000A78C6C /* ProgressHUD in Frameworks */ = {isa = PBXBuildFile; productRef = E51024832F9376D000A78C6C /* ProgressHUD */; };
		E51024872F93970700A78C6C /* UIBlockingProgressHUD.swift in Sources */ = {isa = PBXBuildFile; fileRef = E51024862F93970700A78C6C /* UIBlockingProgressHUD.swift */; };
		E51024892F939B7800A78C6C /* ProfileService.swift in Sources */ = {isa = PBXBuildFile; fileRef = E51024882F939B7800A78C6C /* ProfileService.swift */; };
		E510248B2F93ED0D00A78C6C /* ProfileImageService.swift in Sources */ = {isa = PBXBuildFile; fileRef = E510248A2F93ED0D00A78C6C /* ProfileImageService.swift */; };
		E510248E2F94BDE700A78C6C /* NetworkClient.swift in Sources */ = {isa = PBXBuildFile; fileRef = E510248D2F94BDE700A78C6C /* NetworkClient.swift */; };
		E51024902F94BE2100A78C6C /* Network.swift in Sources */ = {isa = PBXBuildFile; fileRef = E510248F2F94BE2100A78C6C /* Network.swift */; };
		E5187C7B2F8415C70028F085 /* Constants.swift in Sources */ = {isa = PBXBuildFile; fileRef = E5187C7A2F8415C70028F085 /* Constants.swift */; };
		E5187C7E2F856ADE0028F085 /* AuthViewController.swift in Sources */ = {isa = PBXBuildFile; fileRef = E5187C7D2F856ADE0028F085 /* AuthViewController.swift */; };
		E5466E022F86D75600FCB2BD /* WebViewViewController.swift in Sources */ = {isa = PBXBuildFile; fileRef = E5466E012F86D75600FCB2BD /* WebViewViewController.swift */; };
		E56059432F630638003DCAC4 /* AppDelegate.swift in Sources */ = {isa = PBXBuildFile; fileRef = E56059422F630638003DCAC4 /* AppDelegate.swift */; };
		E56059452F630638003DCAC4 /* SceneDelegate.swift in Sources */ = {isa = PBXBuildFile; fileRef = E56059442F630638003DCAC4 /* SceneDelegate.swift */; };
		E56059472F630638003DCAC4 /* ImagesListViewController.swift in Sources */ = {isa = PBXBuildFile; fileRef = E56059462F630638003DCAC4 /* ImagesListViewController.swift */; };
		E560594A2F630638003DCAC4 /* Main.storyboard in Resources */ = {isa = PBXBuildFile; fileRef = E56059482F630638003DCAC4 /* Main.storyboard */; };
		E560594C2F63063A003DCAC4 /* Assets.xcassets in Resources */ = {isa = PBXBuildFile; fileRef = E560594B2F63063A003DCAC4 /* Assets.xcassets */; };
		E560594F2F63063A003DCAC4 /* LaunchScreen.storyboard in Resources */ = {isa = PBXBuildFile; fileRef = E560594D2F63063A003DCAC4 /* LaunchScreen.storyboard */; };
		E56059572F635B53003DCAC4 /* ImagesListCell.swift in Sources */ = {isa = PBXBuildFile; fileRef = E56059562F635B53003DCAC4 /* ImagesListCell.swift */; };
		E58DD9CE2F95574100D0A143 /* Kingfisher in Frameworks */ = {isa = PBXBuildFile; productRef = E58DD9CD2F95574100D0A143 /* Kingfisher */; };
		E58DD9D12F956CE700D0A143 /* SwiftKeychainWrapper in Frameworks */ = {isa = PBXBuildFile; productRef = E58DD9D02F956CE700D0A143 /* SwiftKeychainWrapper */; };
		E58DD9D42F95FEB100D0A143 /* TabBarController.swift in Sources */ = {isa = PBXBuildFile; fileRef = E58DD9D32F95FEB100D0A143 /* TabBarController.swift */; };
		E5E3D7312F7FE80B009A1C8E /* SingleImageViewController.swift in Sources */ = {isa = PBXBuildFile; fileRef = E5E3D7302F7FE80B009A1C8E /* SingleImageViewController.swift */; };
		E5E6C4522F7FB4D300179C51 /* ProfileViewController.swift in Sources */ = {isa = PBXBuildFile; fileRef = E5E6C4512F7FB4D300179C51 /* ProfileViewController.swift */; };
/* End PBXBuildFile section */

/* Begin PBXFileReference section */
		E501559A2F8B7515000CAE7E /* OAuth2Service.swift */ = {isa = PBXFileReference; lastKnownFileType = sourcecode.swift; path = OAuth2Service.swift; sourceTree = "<group>"; };
		E501559F2F8B9298000CAE7E /* URLSession+data.swift */ = {isa = PBXFileReference; lastKnownFileType = sourcecode.swift; path = "URLSession+data.swift"; sourceTree = "<group>"; };
		E50155A22F8B9391000CAE7E /* OAuthTokenResponseBody.swift */ = {isa = PBXFileReference; lastKnownFileType = sourcecode.swift; path = OAuthTokenResponseBody.swift; sourceTree = "<group>"; };
		E50155A42F8B9B08000CAE7E /* OAuth2TokenStorage.swift */ = {isa = PBXFileReference; lastKnownFileType = sourcecode.swift; path = OAuth2TokenStorage.swift; sourceTree = "<group>"; };
		E50155A72F8C33CF000CAE7E /* SplashViewController.swift */ = {isa = PBXFileReference; lastKnownFileType = sourcecode.swift; path = SplashViewController.swift; sourceTree = "<group>"; };
		E50155AC2F8D81BA000CAE7E /* Log.swift */ = {isa = PBXFileReference; lastKnownFileType = sourcecode.swift; path = Log.swift; sourceTree = "<group>"; };
		E50155AF2F8F5CAB000CAE7E /* WebKit.framework */ = {isa = PBXFileReference; lastKnownFileType = wrapper.framework; name = WebKit.framework; path = System/Library/Frameworks/WebKit.framework; sourceTree = SDKROOT; };
		E510247F2F92630700A78C6C /* SnakeCaseJSONDecoder.swift */ = {isa = PBXFileReference; lastKnownFileType = sourcecode.swift; path = SnakeCaseJSONDecoder.swift; sourceTree = "<group>"; };
		E51024862F93970700A78C6C /* UIBlockingProgressHUD.swift */ = {isa = PBXFileReference; lastKnownFileType = sourcecode.swift; path = UIBlockingProgressHUD.swift; sourceTree = "<group>"; };
		E51024882F939B7800A78C6C /* ProfileService.swift */ = {isa = PBXFileReference; lastKnownFileType = sourcecode.swift; path = ProfileService.swift; sourceTree = "<group>"; };
		E510248A2F93ED0D00A78C6C /* ProfileImageService.swift */ = {isa = PBXFileReference; lastKnownFileType = sourcecode.swift; path = ProfileImageService.swift; sourceTree = "<group>"; };
		E510248D2F94BDE700A78C6C /* NetworkClient.swift */ = {isa = PBXFileReference; lastKnownFileType = sourcecode.swift; path = NetworkClient.swift; sourceTree = "<group>"; };
		E510248F2F94BE2100A78C6C /* Network.swift */ = {isa = PBXFileReference; lastKnownFileType = sourcecode.swift; path = Network.swift; sourceTree = "<group>"; };
		E5187C7A2F8415C70028F085 /* Constants.swift */ = {isa = PBXFileReference; lastKnownFileType = sourcecode.swift; path = Constants.swift; sourceTree = "<group>"; };
		E5187C7D2F856ADE0028F085 /* AuthViewController.swift */ = {isa = PBXFileReference; lastKnownFileType = sourcecode.swift; path = AuthViewController.swift; sourceTree = "<group>"; };
		E5466E012F86D75600FCB2BD /* WebViewViewController.swift */ = {isa = PBXFileReference; lastKnownFileType = sourcecode.swift; path = WebViewViewController.swift; sourceTree = "<group>"; };
		E560593F2F630638003DCAC4 /* ImageFeed.app */ = {isa = PBXFileReference; explicitFileType = wrapper.application; includeInIndex = 0; path = ImageFeed.app; sourceTree = BUILT_PRODUCTS_DIR; };
		E56059422F630638003DCAC4 /* AppDelegate.swift */ = {isa = PBXFileReference; lastKnownFileType = sourcecode.swift; path = AppDelegate.swift; sourceTree = "<group>"; };
		E56059442F630638003DCAC4 /* SceneDelegate.swift */ = {isa = PBXFileReference; lastKnownFileType = sourcecode.swift; path = SceneDelegate.swift; sourceTree = "<group>"; };
		E56059462F630638003DCAC4 /* ImagesListViewController.swift */ = {isa = PBXFileReference; lastKnownFileType = sourcecode.swift; path = ImagesListViewController.swift; sourceTree = "<group>"; };
		E56059492F630638003DCAC4 /* Base */ = {isa = PBXFileReference; lastKnownFileType = file.storyboard; name = Base; path = Base.lproj/Main.storyboard; sourceTree = "<group>"; };
		E560594B2F63063A003DCAC4 /* Assets.xcassets */ = {isa = PBXFileReference; lastKnownFileType = folder.assetcatalog; path = Assets.xcassets; sourceTree = "<group>"; };
		E560594E2F63063A003DCAC4 /* Base */ = {isa = PBXFileReference; lastKnownFileType = file.storyboard; name = Base; path = Base.lproj/LaunchScreen.storyboard; sourceTree = "<group>"; };
		E56059502F63063A003DCAC4 /* Info.plist */ = {isa = PBXFileReference; lastKnownFileType = text.plist.xml; path = Info.plist; sourceTree = "<group>"; };
		E56059562F635B53003DCAC4 /* ImagesListCell.swift */ = {isa = PBXFileReference; lastKnownFileType = sourcecode.swift; path = ImagesListCell.swift; sourceTree = "<group>"; };
		E58DD9D32F95FEB100D0A143 /* TabBarController.swift */ = {isa = PBXFileReference; lastKnownFileType = sourcecode.swift; path = TabBarController.swift; sourceTree = "<group>"; };
		E5E3D7302F7FE80B009A1C8E /* SingleImageViewController.swift */ = {isa = PBXFileReference; lastKnownFileType = sourcecode.swift; path = SingleImageViewController.swift; sourceTree = "<group>"; };
		E5E6C4512F7FB4D300179C51 /* ProfileViewController.swift */ = {isa = PBXFileReference; lastKnownFileType = sourcecode.swift; path = ProfileViewController.swift; sourceTree = "<group>"; };
/* End PBXFileReference section */

/* Begin PBXFrameworksBuildPhase section */
		E560593C2F630638003DCAC4 /* Frameworks */ = {
			isa = PBXFrameworksBuildPhase;
			buildActionMask = 2147483647;
			files = (
				E58DD9CE2F95574100D0A143 /* Kingfisher in Frameworks */,
				E51024842F9376D000A78C6C /* ProgressHUD in Frameworks */,
				E58DD9D12F956CE700D0A143 /* SwiftKeychainWrapper in Frameworks */,
				E50155B02F8F5CAB000CAE7E /* WebKit.framework in Frameworks */,
				E50155AB2F8D8039000CAE7E /* Logging in Frameworks */,
			);
			runOnlyForDeploymentPostprocessing = 0;
		};
/* End PBXFrameworksBuildPhase section */

/* Begin PBXGroup section */
		E501559C2F8B90C0000CAE7E /* Services */ = {
			isa = PBXGroup;
			children = (
				E510248C2F94AA2100A78C6C /* Network */,
				E501559A2F8B7515000CAE7E /* OAuth2Service.swift */,
				E50155A42F8B9B08000CAE7E /* OAuth2TokenStorage.swift */,
				E50155AC2F8D81BA000CAE7E /* Log.swift */,
				E510247F2F92630700A78C6C /* SnakeCaseJSONDecoder.swift */,
				E51024882F939B7800A78C6C /* ProfileService.swift */,
				E510248A2F93ED0D00A78C6C /* ProfileImageService.swift */,
			);
			path = Services;
			sourceTree = "<group>";
		};
		E50155A12F8B9385000CAE7E /* Models */ = {
			isa = PBXGroup;
			children = (
				E50155A22F8B9391000CAE7E /* OAuthTokenResponseBody.swift */,
			);
			path = Models;
			sourceTree = "<group>";
		};
		E50155A62F8C33C3000CAE7E /* SplashViewController */ = {
			isa = PBXGroup;
			children = (
				E50155A72F8C33CF000CAE7E /* SplashViewController.swift */,
			);
			path = SplashViewController;
			sourceTree = "<group>";
		};
		E50155AE2F8F5CAB000CAE7E /* Frameworks */ = {
			isa = PBXGroup;
			children = (
				E50155AF2F8F5CAB000CAE7E /* WebKit.framework */,
			);
			name = Frameworks;
			sourceTree = "<group>";
		};
		E51024852F9396FC00A78C6C /* Views */ = {
			isa = PBXGroup;
			children = (
				E51024862F93970700A78C6C /* UIBlockingProgressHUD.swift */,
			);
			path = Views;
			sourceTree = "<group>";
		};
		E510248C2F94AA2100A78C6C /* Network */ = {
			isa = PBXGroup;
			children = (
				E501559F2F8B9298000CAE7E /* URLSession+data.swift */,
				E510248D2F94BDE700A78C6C /* NetworkClient.swift */,
				E510248F2F94BE2100A78C6C /* Network.swift */,
			);
			path = Network;
			sourceTree = "<group>";
		};
		E5187C7C2F856ACD0028F085 /* Auth */ = {
			isa = PBXGroup;
			children = (
				E5187C7D2F856ADE0028F085 /* AuthViewController.swift */,
				E5466E012F86D75600FCB2BD /* WebViewViewController.swift */,
			);
			path = Auth;
			sourceTree = "<group>";
		};
		E56059362F630638003DCAC4 = {
			isa = PBXGroup;
			children = (
				E56059412F630638003DCAC4 /* ImageFeed */,
				E56059402F630638003DCAC4 /* Products */,
				E50155AE2F8F5CAB000CAE7E /* Frameworks */,
			);
			sourceTree = "<group>";
		};
		E56059402F630638003DCAC4 /* Products */ = {
			isa = PBXGroup;
			children = (
				E560593F2F630638003DCAC4 /* ImageFeed.app */,
			);
			name = Products;
			sourceTree = "<group>";
		};
		E56059412F630638003DCAC4 /* ImageFeed */ = {
			isa = PBXGroup;
			children = (
				E5187C7C2F856ACD0028F085 /* Auth */,
				E56059582F635B74003DCAC4 /* ImagesList */,
				E50155A12F8B9385000CAE7E /* Models */,
				E5E6C4502F7FB43A00179C51 /* Profile */,
				E501559C2F8B90C0000CAE7E /* Services */,
				E5E3D72F2F7FE7F7009A1C8E /* SingleImageView */,
				E50155A62F8C33C3000CAE7E /* SplashViewController */,
				E58DD9D22F95FE9800D0A143 /* TabBarController */,
				E51024852F9396FC00A78C6C /* Views */,
				E56059422F630638003DCAC4 /* AppDelegate.swift */,
				E560594B2F63063A003DCAC4 /* Assets.xcassets */,
				E5187C7A2F8415C70028F085 /* Constants.swift */,
				E56059502F63063A003DCAC4 /* Info.plist */,
				E560594D2F63063A003DCAC4 /* LaunchScreen.storyboard */,
				E56059482F630638003DCAC4 /* Main.storyboard */,
				E56059442F630638003DCAC4 /* SceneDelegate.swift */,
			);
			path = ImageFeed;
			sourceTree = "<group>";
		};
		E56059582F635B74003DCAC4 /* ImagesList */ = {
			isa = PBXGroup;
			children = (
				E56059462F630638003DCAC4 /* ImagesListViewController.swift */,
				E56059562F635B53003DCAC4 /* ImagesListCell.swift */,
			);
			path = ImagesList;
			sourceTree = "<group>";
		};
		E58DD9D22F95FE9800D0A143 /* TabBarController */ = {
			isa = PBXGroup;
			children = (
				E58DD9D32F95FEB100D0A143 /* TabBarController.swift */,
			);
			path = TabBarController;
			sourceTree = "<group>";
		};
		E5E3D72F2F7FE7F7009A1C8E /* SingleImageView */ = {
			isa = PBXGroup;
			children = (
				E5E3D7302F7FE80B009A1C8E /* SingleImageViewController.swift */,
			);
			path = SingleImageView;
			sourceTree = "<group>";
		};
		E5E6C4502F7FB43A00179C51 /* Profile */ = {
			isa = PBXGroup;
			children = (
				E5E6C4512F7FB4D300179C51 /* ProfileViewController.swift */,
			);
			path = Profile;
			sourceTree = "<group>";
		};
/* End PBXGroup section */

/* Begin PBXNativeTarget section */
		E560593E2F630638003DCAC4 /* ImageFeed */ = {
			isa = PBXNativeTarget;
			buildConfigurationList = E56059532F63063A003DCAC4 /* Build configuration list for PBXNativeTarget "ImageFeed" */;
			buildPhases = (
				E560593B2F630638003DCAC4 /* Sources */,
				E560593C2F630638003DCAC4 /* Frameworks */,
				E560593D2F630638003DCAC4 /* Resources */,
			);
			buildRules = (
			);
			dependencies = (
			);
			name = ImageFeed;
			packageProductDependencies = (
				E50155AA2F8D8039000CAE7E /* Logging */,
				E51024832F9376D000A78C6C /* ProgressHUD */,
				E58DD9CD2F95574100D0A143 /* Kingfisher */,
				E58DD9D02F956CE700D0A143 /* SwiftKeychainWrapper */,
			);
			productName = ImageFeed;
			productReference = E560593F2F630638003DCAC4 /* ImageFeed.app */;
			productType = "com.apple.product-type.application";
		};
/* End PBXNativeTarget section */

/* Begin PBXProject section */
		E56059372F630638003DCAC4 /* Project object */ = {
			isa = PBXProject;
			attributes = {
				BuildIndependentTargetsInParallel = 1;
				LastSwiftUpdateCheck = 1410;
				LastUpgradeCheck = 1410;
				TargetAttributes = {
					E560593E2F630638003DCAC4 = {
						CreatedOnToolsVersion = 14.1;
					};
				};
			};
			buildConfigurationList = E560593A2F630638003DCAC4 /* Build configuration list for PBXProject "ImageFeed" */;
			compatibilityVersion = "Xcode 14.0";
			developmentRegion = en;
			hasScannedForEncodings = 0;
			knownRegions = (
				en,
				Base,
			);
			mainGroup = E56059362F630638003DCAC4;
			packageReferences = (
				E50155A92F8D8039000CAE7E /* XCRemoteSwiftPackageReference "swift-log" */,
				E51024822F93753100A78C6C /* XCRemoteSwiftPackageReference "ProgressHUD" */,
				E58DD9CC2F95574100D0A143 /* XCRemoteSwiftPackageReference "Kingfisher" */,
				E58DD9CF2F956CE700D0A143 /* XCRemoteSwiftPackageReference "SwiftKeychainWrapper" */,
			);
			productRefGroup = E56059402F630638003DCAC4 /* Products */;
			projectDirPath = "";
			projectRoot = "";
			targets = (
				E560593E2F630638003DCAC4 /* ImageFeed */,
			);
		};
/* End PBXProject section */

/* Begin PBXResourcesBuildPhase section */
		E560593D2F630638003DCAC4 /* Resources */ = {
			isa = PBXResourcesBuildPhase;
			buildActionMask = 2147483647;
			files = (
				E560594F2F63063A003DCAC4 /* LaunchScreen.storyboard in Resources */,
				E560594C2F63063A003DCAC4 /* Assets.xcassets in Resources */,
				E560594A2F630638003DCAC4 /* Main.storyboard in Resources */,
			);
			runOnlyForDeploymentPostprocessing = 0;
		};
/* End PBXResourcesBuildPhase section */

/* Begin PBXSourcesBuildPhase section */
		E560593B2F630638003DCAC4 /* Sources */ = {
			isa = PBXSourcesBuildPhase;
			buildActionMask = 2147483647;
			files = (
				E56059472F630638003DCAC4 /* ImagesListViewController.swift in Sources */,
				E56059572F635B53003DCAC4 /* ImagesListCell.swift in Sources */,
				E50155AD2F8D81BA000CAE7E /* Log.swift in Sources */,
				E51024802F92630800A78C6C /* SnakeCaseJSONDecoder.swift in Sources */,
				E5E6C4522F7FB4D300179C51 /* ProfileViewController.swift in Sources */,
				E51024902F94BE2100A78C6C /* Network.swift in Sources */,
				E56059432F630638003DCAC4 /* AppDelegate.swift in Sources */,
				E50155A32F8B9391000CAE7E /* OAuthTokenResponseBody.swift in Sources */,
				E50155A52F8B9B08000CAE7E /* OAuth2TokenStorage.swift in Sources */,
				E5187C7E2F856ADE0028F085 /* AuthViewController.swift in Sources */,
				E5187C7B2F8415C70028F085 /* Constants.swift in Sources */,
				E50155A82F8C33CF000CAE7E /* SplashViewController.swift in Sources */,
				E510248E2F94BDE700A78C6C /* NetworkClient.swift in Sources */,
				E58DD9D42F95FEB100D0A143 /* TabBarController.swift in Sources */,
				E510248B2F93ED0D00A78C6C /* ProfileImageService.swift in Sources */,
				E51024892F939B7800A78C6C /* ProfileService.swift in Sources */,
				E5E3D7312F7FE80B009A1C8E /* SingleImageViewController.swift in Sources */,
				E50155A02F8B9298000CAE7E /* URLSession+data.swift in Sources */,
				E5466E022F86D75600FCB2BD /* WebViewViewController.swift in Sources */,
				E501559B2F8B7515000CAE7E /* OAuth2Service.swift in Sources */,
				E56059452F630638003DCAC4 /* SceneDelegate.swift in Sources */,
				E51024872F93970700A78C6C /* UIBlockingProgressHUD.swift in Sources */,
			);
			runOnlyForDeploymentPostprocessing = 0;
		};
/* End PBXSourcesBuildPhase section */

/* Begin PBXVariantGroup section */
		E56059482F630638003DCAC4 /* Main.storyboard */ = {
			isa = PBXVariantGroup;
			children = (
				E56059492F630638003DCAC4 /* Base */,
			);
			name = Main.storyboard;
			sourceTree = "<group>";
		};
		E560594D2F63063A003DCAC4 /* LaunchScreen.storyboard */ = {
			isa = PBXVariantGroup;
			children = (
				E560594E2F63063A003DCAC4 /* Base */,
			);
			name = LaunchScreen.storyboard;
			sourceTree = "<group>";
		};
/* End PBXVariantGroup section */

/* Begin XCBuildConfiguration section */
		E56059512F63063A003DCAC4 /* Debug */ = {
			isa = XCBuildConfiguration;
			buildSettings = {
				ALWAYS_SEARCH_USER_PATHS = NO;
				CLANG_ANALYZER_NONNULL = YES;
				CLANG_ANALYZER_NUMBER_OBJECT_CONVERSION = YES_AGGRESSIVE;
				CLANG_CXX_LANGUAGE_STANDARD = "gnu++20";
				CLANG_ENABLE_MODULES = YES;
				CLANG_ENABLE_OBJC_ARC = YES;
				CLANG_ENABLE_OBJC_WEAK = YES;
				CLANG_WARN_BLOCK_CAPTURE_AUTORELEASING = YES;
				CLANG_WARN_BOOL_CONVERSION = YES;
				CLANG_WARN_COMMA = YES;
				CLANG_WARN_CONSTANT_CONVERSION = YES;
				CLANG_WARN_DEPRECATED_OBJC_IMPLEMENTATIONS = YES;
				CLANG_WARN_DIRECT_OBJC_ISA_USAGE = YES_ERROR;
				CLANG_WARN_DOCUMENTATION_COMMENTS = YES;
				CLANG_WARN_EMPTY_BODY = YES;
				CLANG_WARN_ENUM_CONVERSION = YES;
				CLANG_WARN_INFINITE_RECURSION = YES;
				CLANG_WARN_INT_CONVERSION = YES;
				CLANG_WARN_NON_LITERAL_NULL_CONVERSION = YES;
				CLANG_WARN_OBJC_IMPLICIT_RETAIN_SELF = YES;
				CLANG_WARN_OBJC_LITERAL_CONVERSION = YES;
				CLANG_WARN_OBJC_ROOT_CLASS = YES_ERROR;
				CLANG_WARN_QUOTED_INCLUDE_IN_FRAMEWORK_HEADER = YES;
				CLANG_WARN_RANGE_LOOP_ANALYSIS = YES;
				CLANG_WARN_STRICT_PROTOTYPES = YES;
				CLANG_WARN_SUSPICIOUS_MOVE = YES;
				CLANG_WARN_UNGUARDED_AVAILABILITY = YES_AGGRESSIVE;
				CLANG_WARN_UNREACHABLE_CODE = YES;
				CLANG_WARN__DUPLICATE_METHOD_MATCH = YES;
				COPY_PHASE_STRIP = NO;
				DEBUG_INFORMATION_FORMAT = dwarf;
				ENABLE_STRICT_OBJC_MSGSEND = YES;
				ENABLE_TESTABILITY = YES;
				GCC_C_LANGUAGE_STANDARD = gnu11;
				GCC_DYNAMIC_NO_PIC = NO;
				GCC_NO_COMMON_BLOCKS = YES;
				GCC_OPTIMIZATION_LEVEL = 0;
				GCC_PREPROCESSOR_DEFINITIONS = (
					"DEBUG=1",
					"$(inherited)",
				);
				GCC_WARN_64_TO_32_BIT_CONVERSION = YES;
				GCC_WARN_ABOUT_RETURN_TYPE = YES_ERROR;
				GCC_WARN_UNDECLARED_SELECTOR = YES;
				GCC_WARN_UNINITIALIZED_AUTOS = YES_AGGRESSIVE;
				GCC_WARN_UNUSED_FUNCTION = YES;
				GCC_WARN_UNUSED_VARIABLE = YES;
				IPHONEOS_DEPLOYMENT_TARGET = 16.1;
				MTL_ENABLE_DEBUG_INFO = INCLUDE_SOURCE;
				MTL_FAST_MATH = YES;
				ONLY_ACTIVE_ARCH = YES;
				SDKROOT = iphoneos;
				SWIFT_ACTIVE_COMPILATION_CONDITIONS = DEBUG;
				SWIFT_OPTIMIZATION_LEVEL = "-Onone";
			};
			name = Debug;
		};
		E56059522F63063A003DCAC4 /* Release */ = {
			isa = XCBuildConfiguration;
			buildSettings = {
				ALWAYS_SEARCH_USER_PATHS = NO;
				CLANG_ANALYZER_NONNULL = YES;
				CLANG_ANALYZER_NUMBER_OBJECT_CONVERSION = YES_AGGRESSIVE;
				CLANG_CXX_LANGUAGE_STANDARD = "gnu++20";
				CLANG_ENABLE_MODULES = YES;
				CLANG_ENABLE_OBJC_ARC = YES;
				CLANG_ENABLE_OBJC_WEAK = YES;
				CLANG_WARN_BLOCK_CAPTURE_AUTORELEASING = YES;
				CLANG_WARN_BOOL_CONVERSION = YES;
				CLANG_WARN_COMMA = YES;
				CLANG_WARN_CONSTANT_CONVERSION = YES;
				CLANG_WARN_DEPRECATED_OBJC_IMPLEMENTATIONS = YES;
				CLANG_WARN_DIRECT_OBJC_ISA_USAGE = YES_ERROR;
				CLANG_WARN_DOCUMENTATION_COMMENTS = YES;
				CLANG_WARN_EMPTY_BODY = YES;
				CLANG_WARN_ENUM_CONVERSION = YES;
				CLANG_WARN_INFINITE_RECURSION = YES;
				CLANG_WARN_INT_CONVERSION = YES;
				CLANG_WARN_NON_LITERAL_NULL_CONVERSION = YES;
				CLANG_WARN_OBJC_IMPLICIT_RETAIN_SELF = YES;
				CLANG_WARN_OBJC_LITERAL_CONVERSION = YES;
				CLANG_WARN_OBJC_ROOT_CLASS = YES_ERROR;
				CLANG_WARN_QUOTED_INCLUDE_IN_FRAMEWORK_HEADER = YES;
				CLANG_WARN_RANGE_LOOP_ANALYSIS = YES;
				CLANG_WARN_STRICT_PROTOTYPES = YES;
				CLANG_WARN_SUSPICIOUS_MOVE = YES;
				CLANG_WARN_UNGUARDED_AVAILABILITY = YES_AGGRESSIVE;
				CLANG_WARN_UNREACHABLE_CODE = YES;
				CLANG_WARN__DUPLICATE_METHOD_MATCH = YES;
				COPY_PHASE_STRIP = NO;
				DEBUG_INFORMATION_FORMAT = "dwarf-with-dsym";
				ENABLE_NS_ASSERTIONS = NO;
				ENABLE_STRICT_OBJC_MSGSEND = YES;
				GCC_C_LANGUAGE_STANDARD = gnu11;
				GCC_NO_COMMON_BLOCKS = YES;
				GCC_WARN_64_TO_32_BIT_CONVERSION = YES;
				GCC_WARN_ABOUT_RETURN_TYPE = YES_ERROR;
				GCC_WARN_UNDECLARED_SELECTOR = YES;
				GCC_WARN_UNINITIALIZED_AUTOS = YES_AGGRESSIVE;
				GCC_WARN_UNUSED_FUNCTION = YES;
				GCC_WARN_UNUSED_VARIABLE = YES;
				IPHONEOS_DEPLOYMENT_TARGET = 16.1;
				MTL_ENABLE_DEBUG_INFO = NO;
				MTL_FAST_MATH = YES;
				SDKROOT = iphoneos;
				SWIFT_COMPILATION_MODE = wholemodule;
				SWIFT_OPTIMIZATION_LEVEL = "-O";
				VALIDATE_PRODUCT = YES;
			};
			name = Release;
		};
		E56059542F63063A003DCAC4 /* Debug */ = {
			isa = XCBuildConfiguration;
			buildSettings = {
				ASSETCATALOG_COMPILER_APPICON_NAME = AppIcon;
				ASSETCATALOG_COMPILER_GLOBAL_ACCENT_COLOR_NAME = AccentColor;
				CODE_SIGN_STYLE = Automatic;
				CURRENT_PROJECT_VERSION = 1;
				DEVELOPMENT_TEAM = 7D35XFLX28;
				GENERATE_INFOPLIST_FILE = YES;
				INFOPLIST_FILE = ImageFeed/Info.plist;
				INFOPLIST_KEY_UIApplicationSupportsIndirectInputEvents = YES;
				INFOPLIST_KEY_UILaunchStoryboardName = LaunchScreen;
				INFOPLIST_KEY_UIMainStoryboardFile = Main;
				INFOPLIST_KEY_UISupportedInterfaceOrientations = UIInterfaceOrientationPortrait;
				INFOPLIST_KEY_UISupportedInterfaceOrientations_iPad = "UIInterfaceOrientationLandscapeLeft UIInterfaceOrientationLandscapeRight UIInterfaceOrientationPortrait UIInterfaceOrientationPortraitUpsideDown";
				IPHONEOS_DEPLOYMENT_TARGET = 15.0;
				LD_RUNPATH_SEARCH_PATHS = (
					"$(inherited)",
					"@executable_path/Frameworks",
				);
				MARKETING_VERSION = 1.0;
				PRODUCT_BUNDLE_IDENTIFIER = ru.abutygin.ImageFeed;
				PRODUCT_NAME = "$(TARGET_NAME)";
				SUPPORTED_PLATFORMS = "iphoneos iphonesimulator";
				SUPPORTS_MACCATALYST = NO;
				SUPPORTS_MAC_DESIGNED_FOR_IPHONE_IPAD = YES;
				SWIFT_EMIT_LOC_STRINGS = YES;
				SWIFT_VERSION = 5.0;
				TARGETED_DEVICE_FAMILY = 1;
			};
			name = Debug;
		};
		E56059552F63063A003DCAC4 /* Release */ = {
			isa = XCBuildConfiguration;
			buildSettings = {
				ASSETCATALOG_COMPILER_APPICON_NAME = AppIcon;
				ASSETCATALOG_COMPILER_GLOBAL_ACCENT_COLOR_NAME = AccentColor;
				CODE_SIGN_STYLE = Automatic;
				CURRENT_PROJECT_VERSION = 1;
				DEVELOPMENT_TEAM = 7D35XFLX28;
				GENERATE_INFOPLIST_FILE = YES;
				INFOPLIST_FILE = ImageFeed/Info.plist;
				INFOPLIST_KEY_UIApplicationSupportsIndirectInputEvents = YES;
				INFOPLIST_KEY_UILaunchStoryboardName = LaunchScreen;
				INFOPLIST_KEY_UIMainStoryboardFile = Main;
				INFOPLIST_KEY_UISupportedInterfaceOrientations = UIInterfaceOrientationPortrait;
				INFOPLIST_KEY_UISupportedInterfaceOrientations_iPad = "UIInterfaceOrientationLandscapeLeft UIInterfaceOrientationLandscapeRight UIInterfaceOrientationPortrait UIInterfaceOrientationPortraitUpsideDown";
				IPHONEOS_DEPLOYMENT_TARGET = 15.0;
				LD_RUNPATH_SEARCH_PATHS = (
					"$(inherited)",
					"@executable_path/Frameworks",
				);
				MARKETING_VERSION = 1.0;
				PRODUCT_BUNDLE_IDENTIFIER = ru.abutygin.ImageFeed;
				PRODUCT_NAME = "$(TARGET_NAME)";
				SUPPORTED_PLATFORMS = "iphoneos iphonesimulator";
				SUPPORTS_MACCATALYST = NO;
				SUPPORTS_MAC_DESIGNED_FOR_IPHONE_IPAD = YES;
				SWIFT_EMIT_LOC_STRINGS = YES;
				SWIFT_VERSION = 5.0;
				TARGETED_DEVICE_FAMILY = 1;
			};
			name = Release;
		};
/* End XCBuildConfiguration section */

/* Begin XCConfigurationList section */
		E560593A2F630638003DCAC4 /* Build configuration list for PBXProject "ImageFeed" */ = {
			isa = XCConfigurationList;
			buildConfigurations = (
				E56059512F63063A003DCAC4 /* Debug */,
				E56059522F63063A003DCAC4 /* Release */,
			);
			defaultConfigurationIsVisible = 0;
			defaultConfigurationName = Release;
		};
		E56059532F63063A003DCAC4 /* Build configuration list for PBXNativeTarget "ImageFeed" */ = {
			isa = XCConfigurationList;
			buildConfigurations = (
				E56059542F63063A003DCAC4 /* Debug */,
				E56059552F63063A003DCAC4 /* Release */,
			);
			defaultConfigurationIsVisible = 0;
			defaultConfigurationName = Release;
		};
/* End XCConfigurationList section */

/* Begin XCRemoteSwiftPackageReference section */
		E50155A92F8D8039000CAE7E /* XCRemoteSwiftPackageReference "swift-log" */ = {
			isa = XCRemoteSwiftPackageReference;
			repositoryURL = "https://github.com/apple/swift-log";
			requirement = {
				kind = upToNextMajorVersion;
				minimumVersion = 1.0.0;
			};
		};
		E51024822F93753100A78C6C /* XCRemoteSwiftPackageReference "ProgressHUD" */ = {
			isa = XCRemoteSwiftPackageReference;
			repositoryURL = "https://github.com/relatedcode/ProgressHUD";
			requirement = {
				kind = exactVersion;
				version = 13.8.6;
			};
		};
		E58DD9CC2F95574100D0A143 /* XCRemoteSwiftPackageReference "Kingfisher" */ = {
			isa = XCRemoteSwiftPackageReference;
			repositoryURL = "https://github.com/onevcat/Kingfisher";
			requirement = {
				kind = upToNextMajorVersion;
				minimumVersion = 7.6.2;
			};
		};
		E58DD9CF2F956CE700D0A143 /* XCRemoteSwiftPackageReference "SwiftKeychainWrapper" */ = {
			isa = XCRemoteSwiftPackageReference;
			repositoryURL = "https://github.com/jrendel/SwiftKeychainWrapper";
			requirement = {
				kind = upToNextMajorVersion;
				minimumVersion = 4.0.0;
			};
		};
/* End XCRemoteSwiftPackageReference section */

/* Begin XCSwiftPackageProductDependency section */
		E50155AA2F8D8039000CAE7E /* Logging */ = {
			isa = XCSwiftPackageProductDependency;
			package = E50155A92F8D8039000CAE7E /* XCRemoteSwiftPackageReference "swift-log" */;
			productName = Logging;
		};
		E51024832F9376D000A78C6C /* ProgressHUD */ = {
			isa = XCSwiftPackageProductDependency;
			package = E51024822F93753100A78C6C /* XCRemoteSwiftPackageReference "ProgressHUD" */;
			productName = ProgressHUD;
		};
		E58DD9CD2F95574100D0A143 /* Kingfisher */ = {
			isa = XCSwiftPackageProductDependency;
			package = E58DD9CC2F95574100D0A143 /* XCRemoteSwiftPackageReference "Kingfisher" */;
			productName = Kingfisher;
		};
		E58DD9D02F956CE700D0A143 /* SwiftKeychainWrapper */ = {
			isa = XCSwiftPackageProductDependency;
			package = E58DD9CF2F956CE700D0A143 /* XCRemoteSwiftPackageReference "SwiftKeychainWrapper" */;
			productName = SwiftKeychainWrapper;
		};
/* End XCSwiftPackageProductDependency section */
	};
	rootObject = E56059372F630638003DCAC4 /* Project object */;
}
